
Microsoft Visual Studio Solution File, Format Version 12.00
# Visual Studio Version 17
VisualStudioVersion = 17.11.35327.3
MinimumVisualStudioVersion = 10.0.40219.1
Project("{FAE04EC0-301F-11D3-BF4B-00C04F79EFBC}") = "Geometrie.BLL", "Geometrie.BLL\Geometrie.BLL.csproj", "{88CE62ED-1A57-4F6B-A31A-469DC66C3A83}"
EndProject
Project("{FAE04EC0-301F-11D3-BF4B-00C04F79EFBC}") = "RappelSyntaxe", "RappelSyntaxe\RappelSyntaxe.csproj", "{DCC55DD6-96CE-4A47-9C3D-DE0A799D2B00}"
EndProject
Project("{2150E333-8FDC-42A3-9474-1A3956D46DE8}") = "Rappels théoriques", "Rappels théoriques", "{3D2010D0-E54F-4165-849C-6E4E7F77B2A3}"
EndProject
Project("{FAE04EC0-301F-11D3-BF4B-00C04F79EFBC}") = "Geometrie.Console", "Geometrie.Console\Geometrie.Console.csproj", "{729DEC73-1FEC-4586-9EBD-C91F3A688CD7}"
EndProject
Global
	GlobalSection(SolutionConfigurationPlatforms) = preSolution
		Debug|Any CPU = Debug|Any CPU
		Release|Any CPU = Release|Any CPU
	EndGlobalSection
	GlobalSection(ProjectConfigurationPlatforms) = postSolution
		{88CE62ED-1A57-4F6B-A31A-469DC66C3A83}.Debug|Any CPU.ActiveCfg = Debug|Any CPU
		{88CE62ED-1A57-4F6B-A31A-469DC66C3A83}.Debug|Any CPU.Build.0 = Debug|Any CPU
		{88CE62ED-1A57-4F6B-A31A-469DC66C3A83}.Release|Any CPU.ActiveCfg = Release|Any CPU
		{88CE62ED-1A57-4F6B-A31A-469DC66C3A83}.Release|Any CPU.Build.0 = Release|Any CPU
		{DCC55DD6-96CE-4A47-9C3D-DE0A799D2B00}.Debug|Any CPU.ActiveCfg = Debug|Any CPU
		{DCC55DD6-96CE-4A47-9C3D-DE0A799D2B00}.Debug|Any CPU.Build.0 = Debug|Any CPU
		{DCC55DD6-96CE-4A47-9C3D-DE0A799D2B00}.Release|Any CPU.ActiveCfg = Release|Any CPU
		{DCC55DD6-96CE-4A47-9C3D-DE0A799D2B00}.Release|Any CPU.Build.0 = Release|Any CPU
		{729DEC73-1FEC-4586-9EBD-C91F3A688CD7}.Debug|Any CPU.ActiveCfg = Debug|Any CPU
		{729DEC73-1FEC-4586-9EBD-C91F3A688CD7}.Debug|Any CPU.Build.0 = Debug|Any CPU
		{729DEC73-1FEC-4586-9EBD-C91F3A688CD7}.Release|Any CPU.ActiveCfg = Release|Any CPU
		{729DEC73-1FEC-4586-9EBD-C91F3A688CD7}.Release|Any CPU.Build.0 = Release|Any CPU
	EndGlobalSection
	GlobalSection(SolutionProperties) = preSolution
		HideSolutionNode = FALSE
	EndGlobalSection
	GlobalSection(NestedProjects) = preSolution
		{DCC55DD6-96CE-4A47-9C3D-DE0A799D2B00} = {3D2010D0-E54F-4165-849C-6E4E7F77B2A3}
	EndGlobalSection
	GlobalSection(ExtensibilityGlobals) = postSolution
		SolutionGuid = {2BDE8BC4-04E6-4E3A-BCFA-F03DD22AFEC5}
	EndGlobalSection
EndGlobal
